Microsoft Visual Studio Solution File, Format Version 12.00
# Visual Studio Version 17
VisualStudioVersion = 17.5.2.0
MinimumVisualStudioVersion = 10.0.40219.1
Project("{FAE04EC0-301F-11D3-BF4B-00C04F79EFBC}") = "BackendSport.API", "BackendSport.API\BackendSport.API.csproj", "{80D45084-B37C-4FE6-876A-68FEF9BF6B50}"
EndProject
Project("{FAE04EC0-301F-11D3-BF4B-00C04F79EFBC}") = "BackendSport.Application", "BackendSport.Application\BackendSport.Application.csproj", "{002E734B-0D28-EEC2-420A-2D267E46DF00}"
EndProject
Project("{FAE04EC0-301F-11D3-BF4B-00C04F79EFBC}") = "BackendSport.Domain", "BackendSport.Domain\BackendSport.Domain.csproj", "{B4512A04-0C73-1CDB-6D30-2FD895D54F7F}"
EndProject
Project("{FAE04EC0-301F-11D3-BF4B-00C04F79EFBC}") = "BackendSport.Infrastructure", "BackendSport.Infrastructure\BackendSport.Infrastructure.csproj", "{E173765B-2B01-550E-2A6A-E5BDFB81A6FB}"
EndProject
Global
	GlobalSection(SolutionConfigurationPlatforms) = preSolution
		Debug|Any CPU = Debug|Any CPU
		Release|Any CPU = Release|Any CPU
	EndGlobalSection
	GlobalSection(ProjectConfigurationPlatforms) = postSolution
		{80D45084-B37C-4FE6-876A-68FEF9BF6B50}.Debug|Any CPU.ActiveCfg = Debug|Any CPU
		{80D45084-B37C-4FE6-876A-68FEF9BF6B50}.Debug|Any CPU.Build.0 = Debug|Any CPU
		{80D45084-B37C-4FE6-876A-68FEF9BF6B50}.Release|Any CPU.ActiveCfg = Release|Any CPU
		{80D45084-B37C-4FE6-876A-68FEF9BF6B50}.Release|Any CPU.Build.0 = Release|Any CPU
		{002E734B-0D28-EEC2-420A-2D267E46DF00}.Debug|Any CPU.ActiveCfg = Debug|Any CPU
		{002E734B-0D28-EEC2-420A-2D267E46DF00}.Debug|Any CPU.Build.0 = Debug|Any CPU
		{002E734B-0D28-EEC2-420A-2D267E46DF00}.Release|Any CPU.ActiveCfg = Release|Any CPU
		{002E734B-0D28-EEC2-420A-2D267E46DF00}.Release|Any CPU.Build.0 = Release|Any CPU
		{B4512A04-0C73-1CDB-6D30-2FD895D54F7F}.Debug|Any CPU.ActiveCfg = Debug|Any CPU
		{B4512A04-0C73-1CDB-6D30-2FD895D54F7F}.Debug|Any CPU.Build.0 = Debug|Any CPU
		{B4512A04-0C73-1CDB-6D30-2FD895D54F7F}.Release|Any CPU.ActiveCfg = Release|Any CPU
		{B4512A04-0C73-1CDB-6D30-2FD895D54F7F}.Release|Any CPU.Build.0 = Release|Any CPU
		{E173765B-2B01-550E-2A6A-E5BDFB81A6FB}.Debug|Any CPU.ActiveCfg = Debug|Any CPU
		{E173765B-2B01-550E-2A6A-E5BDFB81A6FB}.Debug|Any CPU.Build.0 = Debug|Any CPU
		{E173765B-2B01-550E-2A6A-E5BDFB81A6FB}.Release|Any CPU.ActiveCfg = Release|Any CPU
		{E173765B-2B01-550E-2A6A-E5BDFB81A6FB}.Release|Any CPU.Build.0 = Release|Any CPU
	EndGlobalSection
	GlobalSection(SolutionProperties) = preSolution
		HideSolutionNode = FALSE
	EndGlobalSection
	GlobalSection(ExtensibilityGlobals) = postSolution
		SolutionGuid = {6AB4A1F6-4716-4FC6-941B-502E4A292127}
	EndGlobalSection
EndGlobal
